
Microsoft Visual Studio Solution File, Format Version 12.00
# Visual Studio Version 17
VisualStudioVersion = 17.3.32929.385
MinimumVisualStudioVersion = 10.0.40219.1
Project("{FAE04EC0-301F-11D3-BF4B-00C04F79EFBC}") = "WebApiLibrary", "WebApiLibrary\WebApiLibrary.csproj", "{CD18DAD2-6F2F-42A1-B2CE-342F7CD2669B}"
EndProject
Global
	GlobalSection(SolutionConfigurationPlatforms) = preSolution
		Debug|Any CPU = Debug|Any CPU
		Release|Any CPU = Release|Any CPU
	EndGlobalSection
	GlobalSection(ProjectConfigurationPlatforms) = postSolution
		{CD18DAD2-6F2F-42A1-B2CE-342F7CD2669B}.Debug|Any CPU.ActiveCfg = Debug|Any CPU
		{CD18DAD2-6F2F-42A1-B2CE-342F7CD2669B}.Debug|Any CPU.Build.0 = Debug|Any CPU
		{CD18DAD2-6F2F-42A1-B2CE-342F7CD2669B}.Release|Any CPU.ActiveCfg = Release|Any CPU
		{CD18DAD2-6F2F-42A1-B2CE-342F7CD2669B}.Release|Any CPU.Build.0 = Release|Any CPU
	EndGlobalSection
	GlobalSection(SolutionProperties) = preSolution
		HideSolutionNode = FALSE
	EndGlobalSection
	GlobalSection(ExtensibilityGlobals) = postSolution
		SolutionGuid = {1C4A84D4-A255-4917-BB1D-1DD1105E527D}
	EndGlobalSection
EndGlobal
